PODS:
  - HTMLReader (2.1.4)
  - SDWebImage (5.3.1):
    - SDWebImage/Core (= 5.3.1)
  - SDWebImage/Core (5.3.1)
  - SideMenu (6.4.6)
  - XLPagerTabStrip (9.0.0)

DEPENDENCIES:
  - HTMLReader
  - SDWebImage (~> 5.0)
  - SideMenu
  - XLPagerTabStrip (~> 9.0)

SPEC REPOS:
  https://github.com/cocoapods/specs.git:
    - HTMLReader
    - SDWebImage
    - SideMenu
    - XLPagerTabStrip

SPEC CHECKSUMS:
  HTMLReader: 2fc5ccf6a041b7070d9b43b101034cba63d2ae2a
  SDWebImage: 7137d57385fb632129838c1e6ab9528a22c666cc
  SideMenu: 43910eb6dc994dd59771f8e82573d04a9e776361
  XLPagerTabStrip: 61c57fd61f611ee5f01ff1495ad6fbee8bf496c5

PODFILE CHECKSUM: dc831945f848cbeccac24ab85a5b9216c40483b3

COCOAPODS: 1.5.3
