// !$*UTF8*$!
{
	archiveVersion = 1;
	classes = {
	};
	objectVersion = 50;
	objects = {

/* Begin PBXBuildFile section */
		9EAA43532393F90300838550 /* AppDelegate.swift in Sources */ = {isa = PBXBuildFile; fileRef = 9EAA43522393F90300838550 /* AppDelegate.swift */; };
		9EAA43552393F90300838550 /* SceneDelegate.swift in Sources */ = {isa = PBXBuildFile; fileRef = 9EAA43542393F90300838550 /* SceneDelegate.swift */; };
		9EAA43572393F90300838550 /* ViewController.swift in Sources */ = {isa = PBXBuildFile; fileRef = 9EAA43562393F90300838550 /* ViewController.swift */; };
		9EAA435A2393F90300838550 /* Main.storyboard in Resources */ = {isa = PBXBuildFile; fileRef = 9EAA43582393F90300838550 /* Main.storyboard */; };
		9EAA435C2393F90700838550 /* Assets.xcassets in Resources */ = {isa = PBXBuildFile; fileRef = 9EAA435B2393F90700838550 /* Assets.xcassets */; };
		9EAA435F2393F90700838550 /* LaunchScreen.storyboard in Resources */ = {isa = PBXBuildFile; fileRef = 9EAA435D2393F90700838550 /* LaunchScreen.storyboard */; };
		9EAA43672393FE5000838550 /* RssClient.swift in Sources */ = {isa = PBXBuildFile; fileRef = 9EAA43662393FE5000838550 /* RssClient.swift */; };
		9EAA43692393FF6800838550 /* ArticleList.swift in Sources */ = {isa = PBXBuildFile; fileRef = 9EAA43682393FF6800838550 /* ArticleList.swift */; };
		9EAA436B2394025600838550 /* ArticleListTableViewController.swift in Sources */ = {isa = PBXBuildFile; fileRef = 9EAA436A2394025600838550 /* ArticleListTableViewController.swift */; };
/* End PBXBuildFile section */

/* Begin PBXFileReference section */
		9EAA434F2393F90300838550 /* HatenaRssReader.app */ = {isa = PBXFileReference; explicitFileType = wrapper.application; includeInIndex = 0; path = HatenaRssReader.app; sourceTree = BUILT_PRODUCTS_DIR; };
		9EAA43522393F90300838550 /* AppDelegate.swift */ = {isa = PBXFileReference; lastKnownFileType = sourcecode.swift; path = AppDelegate.swift; sourceTree = "<group>"; };
		9EAA43542393F90300838550 /* SceneDelegate.swift */ = {isa = PBXFileReference; lastKnownFileType = sourcecode.swift; path = SceneDelegate.swift; sourceTree = "<group>"; };
		9EAA43562393F90300838550 /* ViewController.swift */ = {isa = PBXFileReference; lastKnownFileType = sourcecode.swift; path = ViewController.swift; sourceTree = "<group>"; };
		9EAA43592393F90300838550 /* Base */ = {isa = PBXFileReference; lastKnownFileType = file.storyboard; name = Base; path = Base.lproj/Main.storyboard; sourceTree = "<group>"; };
		9EAA435B2393F90700838550 /* Assets.xcassets */ = {isa = PBXFileReference; lastKnownFileType = folder.assetcatalog; path = Assets.xcassets; sourceTree = "<group>"; };
		9EAA435E2393F90700838550 /* Base */ = {isa = PBXFileReference; lastKnownFileType = file.storyboard; name = Base; path = Base.lproj/LaunchScreen.storyboard; sourceTree = "<group>"; };
		9EAA43602393F90700838550 /* Info.plist */ = {isa = PBXFileReference; lastKnownFileType = text.plist.xml; path = Info.plist; sourceTree = "<group>"; };
		9EAA43662393FE5000838550 /* RssClient.swift */ = {isa = PBXFileReference; lastKnownFileType = sourcecode.swift; path = RssClient.swift; sourceTree = "<group>"; };
		9EAA43682393FF6800838550 /* ArticleList.swift */ = {isa = PBXFileReference; lastKnownFileType = sourcecode.swift; path = ArticleList.swift; sourceTree = "<group>"; };
		9EAA436A2394025600838550 /* ArticleListTableViewController.swift */ = {isa = PBXFileReference; lastKnownFileType = sourcecode.swift; path = ArticleListTableViewController.swift; sourceTree = "<group>"; };
/* End PBXFileReference section */

/* Begin PBXFrameworksBuildPhase section */
		9EAA434C2393F90300838550 /* Frameworks */ = {
			isa = PBXFrameworksBuildPhase;
			buildActionMask = 2147483647;
			files = (
			);
			runOnlyForDeploymentPostprocessing = 0;
		};
/* End PBXFrameworksBuildPhase section */

/* Begin PBXGroup section */
		9EAA43462393F90300838550 = {
			isa = PBXGroup;
			children = (
				9EAA43512393F90300838550 /* HatenaRssReader */,
				9EAA43502393F90300838550 /* Products */,
			);
			sourceTree = "<group>";
		};
		9EAA43502393F90300838550 /* Products */ = {
			isa = PBXGroup;
			children = (
				9EAA434F2393F90300838550 /* HatenaRssReader.app */,
			);
			name = Products;
			sourceTree = "<group>";
		};
		9EAA43512393F90300838550 /* HatenaRssReader */ = {
			isa = PBXGroup;
			children = (
				9EAA43522393F90300838550 /* AppDelegate.swift */,
				9EAA43542393F90300838550 /* SceneDelegate.swift */,
				9EAA43562393F90300838550 /* ViewController.swift */,
				9EAA436A2394025600838550 /* ArticleListTableViewController.swift */,
				9EAA43662393FE5000838550 /* RssClient.swift */,
				9EAA43682393FF6800838550 /* ArticleList.swift */,
				9EAA43582393F90300838550 /* Main.storyboard */,
				9EAA435B2393F90700838550 /* Assets.xcassets */,
				9EAA435D2393F90700838550 /* LaunchScreen.storyboard */,
				9EAA43602393F90700838550 /* Info.plist */,
			);
			path = HatenaRssReader;
			sourceTree = "<group>";
		};
/* End PBXGroup section */

/* Begin PBXNativeTarget section */
		9EAA434E2393F90300838550 /* HatenaRssReader */ = {
			isa = PBXNativeTarget;
			buildConfigurationList = 9EAA43632393F90700838550 /* Build configuration list for PBXNativeTarget "HatenaRssReader" */;
			buildPhases = (
				9EAA434B2393F90300838550 /* Sources */,
				9EAA434C2393F90300838550 /* Frameworks */,
				9EAA434D2393F90300838550 /* Resources */,
			);
			buildRules = (
			);
			dependencies = (
			);
			name = HatenaRssReader;
			productName = HatenaRssReader;
			productReference = 9EAA434F2393F90300838550 /* HatenaRssReader.app */;
			productType = "com.apple.product-type.application";
		};
/* End PBXNativeTarget section */

/* Begin PBXProject section */
		9EAA43472393F90300838550 /* Project object */ = {
			isa = PBXProject;
			attributes = {
				LastSwiftUpdateCheck = 1110;
				LastUpgradeCheck = 1110;
				ORGANIZATIONNAME = "Toya Kawano";
				TargetAttributes = {
					9EAA434E2393F90300838550 = {
						CreatedOnToolsVersion = 11.1;
					};
				};
			};
			buildConfigurationList = 9EAA434A2393F90300838550 /* Build configuration list for PBXProject "HatenaRssReader" */;
			compatibilityVersion = "Xcode 9.3";
			developmentRegion = en;
			hasScannedForEncodings = 0;
			knownRegions = (
				en,
				Base,
			);
			mainGroup = 9EAA43462393F90300838550;
			productRefGroup = 9EAA43502393F90300838550 /* Products */;
			projectDirPath = "";
			projectRoot = "";
			targets = (
				9EAA434E2393F90300838550 /* HatenaRssReader */,
			);
		};
/* End PBXProject section */

/* Begin PBXResourcesBuildPhase section */
		9EAA434D2393F90300838550 /* Resources */ = {
			isa = PBXResourcesBuildPhase;
			buildActionMask = 2147483647;
			files = (
				9EAA435F2393F90700838550 /* LaunchScreen.storyboard in Resources */,
				9EAA435C2393F90700838550 /* Assets.xcassets in Resources */,
				9EAA435A2393F90300838550 /* Main.storyboard in Resources */,
			);
			runOnlyForDeploymentPostprocessing = 0;
		};
/* End PBXResourcesBuildPhase section */

/* Begin PBXSourcesBuildPhase section */
		9EAA434B2393F90300838550 /* Sources */ = {
			isa = PBXSourcesBuildPhase;
			buildActionMask = 2147483647;
			files = (
				9EAA436B2394025600838550 /* ArticleListTableViewController.swift in Sources */,
				9EAA43692393FF6800838550 /* ArticleList.swift in Sources */,
				9EAA43572393F90300838550 /* ViewController.swift in Sources */,
				9EAA43672393FE5000838550 /* RssClient.swift in Sources */,
				9EAA43532393F90300838550 /* AppDelegate.swift in Sources */,
				9EAA43552393F90300838550 /* SceneDelegate.swift in Sources */,
			);
			runOnlyForDeploymentPostprocessing = 0;
		};
/* End PBXSourcesBuildPhase section */

/* Begin PBXVariantGroup section */
		9EAA43582393F90300838550 /* Main.storyboard */ = {
			isa = PBXVariantGroup;
			children = (
				9EAA43592393F90300838550 /* Base */,
			);
			name = Main.storyboard;
			sourceTree = "<group>";
		};
		9EAA435D2393F90700838550 /* LaunchScreen.storyboard */ = {
			isa = PBXVariantGroup;
			children = (
				9EAA435E2393F90700838550 /* Base */,
			);
			name = LaunchScreen.storyboard;
			sourceTree = "<group>";
		};
/* End PBXVariantGroup section */

/* Begin XCBuildConfiguration section */
		9EAA43612393F90700838550 /* Debug */ = {
			isa = XCBuildConfiguration;
			buildSettings = {
				ALWAYS_SEARCH_USER_PATHS = NO;
				CLANG_ANALYZER_NONNULL = YES;
				CLANG_ANALYZER_NUMBER_OBJECT_CONVERSION = YES_AGGRESSIVE;
				CLANG_CXX_LANGUAGE_STANDARD = "gnu++14";
				CLANG_CXX_LIBRARY = "libc++";
				CLANG_ENABLE_MODULES = YES;
				CLANG_ENABLE_OBJC_ARC = YES;
				CLANG_ENABLE_OBJC_WEAK = YES;
				CLANG_WARN_BLOCK_CAPTURE_AUTORELEASING = YES;
				CLANG_WARN_BOOL_CONVERSION = YES;
				CLANG_WARN_COMMA = YES;
				CLANG_WARN_CONSTANT_CONVERSION = YES;
				CLANG_WARN_DEPRECATED_OBJC_IMPLEMENTATIONS = YES;
				CLANG_WARN_DIRECT_OBJC_ISA_USAGE = YES_ERROR;
				CLANG_WARN_DOCUMENTATION_COMMENTS = YES;
				CLANG_WARN_EMPTY_BODY = YES;
				CLANG_WARN_ENUM_CONVERSION = YES;
				CLANG_WARN_INFINITE_RECURSION = YES;
				CLANG_WARN_INT_CONVERSION = YES;
				CLANG_WARN_NON_LITERAL_NULL_CONVERSION = YES;
				CLANG_WARN_OBJC_IMPLICIT_RETAIN_SELF = YES;
				CLANG_WARN_OBJC_LITERAL_CONVERSION = YES;
				CLANG_WARN_OBJC_ROOT_CLASS = YES_ERROR;
				CLANG_WARN_RANGE_LOOP_ANALYSIS = YES;
				CLANG_WARN_STRICT_PROTOTYPES = YES;
				CLANG_WARN_SUSPICIOUS_MOVE = YES;
				CLANG_WARN_UNGUARDED_AVAILABILITY = YES_AGGRESSIVE;
				CLANG_WARN_UNREACHABLE_CODE = YES;
				CLANG_WARN__DUPLICATE_METHOD_MATCH = YES;
				COPY_PHASE_STRIP = NO;
				DEBUG_INFORMATION_FORMAT = dwarf;
				ENABLE_STRICT_OBJC_MSGSEND = YES;
				ENABLE_TESTABILITY = YES;
				GCC_C_LANGUAGE_STANDARD = gnu11;
				GCC_DYNAMIC_NO_PIC = NO;
				GCC_NO_COMMON_BLOCKS = YES;
				GCC_OPTIMIZATION_LEVEL = 0;
				GCC_PREPROCESSOR_DEFINITIONS = (
					"DEBUG=1",
					"$(inherited)",
				);
				GCC_WARN_64_TO_32_BIT_CONVERSION = YES;
				GCC_WARN_ABOUT_RETURN_TYPE = YES_ERROR;
				GCC_WARN_UNDECLARED_SELECTOR = YES;
				GCC_WARN_UNINITIALIZED_AUTOS = YES_AGGRESSIVE;
				GCC_WARN_UNUSED_FUNCTION = YES;
				GCC_WARN_UNUSED_VARIABLE = YES;
				IPHONEOS_DEPLOYMENT_TARGET = 13.1;
				MTL_ENABLE_DEBUG_INFO = INCLUDE_SOURCE;
				MTL_FAST_MATH = YES;
				ONLY_ACTIVE_ARCH = YES;
				SDKROOT = iphoneos;
				SWIFT_ACTIVE_COMPILATION_CONDITIONS = DEBUG;
				SWIFT_OPTIMIZATION_LEVEL = "-Onone";
			};
			name = Debug;
		};
		9EAA43622393F90700838550 /* Release */ = {
			isa = XCBuildConfiguration;
			buildSettings = {
				ALWAYS_SEARCH_USER_PATHS = NO;
				CLANG_ANALYZER_NONNULL = YES;
				CLANG_ANALYZER_NUMBER_OBJECT_CONVERSION = YES_AGGRESSIVE;
				CLANG_CXX_LANGUAGE_STANDARD = "gnu++14";
				CLANG_CXX_LIBRARY = "libc++";
				CLANG_ENABLE_MODULES = YES;
				CLANG_ENABLE_OBJC_ARC = YES;
				CLANG_ENABLE_OBJC_WEAK = YES;
				CLANG_WARN_BLOCK_CAPTURE_AUTORELEASING = YES;
				CLANG_WARN_BOOL_CONVERSION = YES;
				CLANG_WARN_COMMA = YES;
				CLANG_WARN_CONSTANT_CONVERSION = YES;
				CLANG_WARN_DEPRECATED_OBJC_IMPLEMENTATIONS = YES;
				CLANG_WARN_DIRECT_OBJC_ISA_USAGE = YES_ERROR;
				CLANG_WARN_DOCUMENTATION_COMMENTS = YES;
				CLANG_WARN_EMPTY_BODY = YES;
				CLANG_WARN_ENUM_CONVERSION = YES;
				CLANG_WARN_INFINITE_RECURSION = YES;
				CLANG_WARN_INT_CONVERSION = YES;
				CLANG_WARN_NON_LITERAL_NULL_CONVERSION = YES;
				CLANG_WARN_OBJC_IMPLICIT_RETAIN_SELF = YES;
				CLANG_WARN_OBJC_LITERAL_CONVERSION = YES;
				CLANG_WARN_OBJC_ROOT_CLASS = YES_ERROR;
				CLANG_WARN_RANGE_LOOP_ANALYSIS = YES;
				CLANG_WARN_STRICT_PROTOTYPES = YES;
				CLANG_WARN_SUSPICIOUS_MOVE = YES;
				CLANG_WARN_UNGUARDED_AVAILABILITY = YES_AGGRESSIVE;
				CLANG_WARN_UNREACHABLE_CODE = YES;
				CLANG_WARN__DUPLICATE_METHOD_MATCH = YES;
				COPY_PHASE_STRIP = NO;
				DEBUG_INFORMATION_FORMAT = "dwarf-with-dsym";
				ENABLE_NS_ASSERTIONS = NO;
				ENABLE_STRICT_OBJC_MSGSEND = YES;
				GCC_C_LANGUAGE_STANDARD = gnu11;
				GCC_NO_COMMON_BLOCKS = YES;
				GCC_WARN_64_TO_32_BIT_CONVERSION = YES;
				GCC_WARN_ABOUT_RETURN_TYPE = YES_ERROR;
				GCC_WARN_UNDECLARED_SELECTOR = YES;
				GCC_WARN_UNINITIALIZED_AUTOS = YES_AGGRESSIVE;
				GCC_WARN_UNUSED_FUNCTION = YES;
				GCC_WARN_UNUSED_VARIABLE = YES;
				IPHONEOS_DEPLOYMENT_TARGET = 13.1;
				MTL_ENABLE_DEBUG_INFO = NO;
				MTL_FAST_MATH = YES;
				SDKROOT = iphoneos;
				SWIFT_COMPILATION_MODE = wholemodule;
				SWIFT_OPTIMIZATION_LEVEL = "-O";
				VALIDATE_PRODUCT = YES;
			};
			name = Release;
		};
		9EAA43642393F90700838550 /* Debug */ = {
			isa = XCBuildConfiguration;
			buildSettings = {
				ASSETCATALOG_COMPILER_APPICON_NAME = AppIcon;
				CODE_SIGN_STYLE = Automatic;
				DEVELOPMENT_TEAM = JXYB4XKM6U;
				INFOPLIST_FILE = HatenaRssReader/Info.plist;
				LD_RUNPATH_SEARCH_PATHS = (
					"$(inherited)",
					"@executable_path/Frameworks",
				);
				PRODUCT_BUNDLE_IDENTIFIER = "tk108gabalian-gmail.com.HatenaRssReader";
				PRODUCT_NAME = "$(TARGET_NAME)";
				SWIFT_VERSION = 5.0;
				TARGETED_DEVICE_FAMILY = "1,2";
			};
			name = Debug;
		};
		9EAA43652393F90700838550 /* Release */ = {
			isa = XCBuildConfiguration;
			buildSettings = {
				ASSETCATALOG_COMPILER_APPICON_NAME = AppIcon;
				CODE_SIGN_STYLE = Automatic;
				DEVELOPMENT_TEAM = JXYB4XKM6U;
				INFOPLIST_FILE = HatenaRssReader/Info.plist;
				LD_RUNPATH_SEARCH_PATHS = (
					"$(inherited)",
					"@executable_path/Frameworks",
				);
				PRODUCT_BUNDLE_IDENTIFIER = "tk108gabalian-gmail.com.HatenaRssReader";
				PRODUCT_NAME = "$(TARGET_NAME)";
				SWIFT_VERSION = 5.0;
				TARGETED_DEVICE_FAMILY = "1,2";
			};
			name = Release;
		};
/* End XCBuildConfiguration section */

/* Begin XCConfigurationList section */
		9EAA434A2393F90300838550 /* Build configuration list for PBXProject "HatenaRssReader" */ = {
			isa = XCConfigurationList;
			buildConfigurations = (
				9EAA43612393F90700838550 /* Debug */,
				9EAA43622393F90700838550 /* Release */,
			);
			defaultConfigurationIsVisible = 0;
			defaultConfigurationName = Release;
		};
		9EAA43632393F90700838550 /* Build configuration list for PBXNativeTarget "HatenaRssReader" */ = {
			isa = XCConfigurationList;
			buildConfigurations = (
				9EAA43642393F90700838550 /* Debug */,
				9EAA43652393F90700838550 /* Release */,
			);
			defaultConfigurationIsVisible = 0;
			defaultConfigurationName = Release;
		};
/* End XCConfigurationList section */
	};
	rootObject = 9EAA43472393F90300838550 /* Project object */;
}
